
Microsoft Visual Studio Solution File, Format Version 12.00
# Visual Studio Version 16
VisualStudioVersion = 16.0.30204.135
MinimumVisualStudioVersion = 10.0.40219.1
Project("{FAE04EC0-301F-11D3-BF4B-00C04F79EFBC}") = "tetrisapp", "tetrisapp.csproj", "{859E83F1-6B34-41C5-9E87-1C730FA87CEF}"
EndProject
Global
	GlobalSection(SolutionConfigurationPlatforms) = preSolution
		Debug|Any CPU = Debug|Any CPU
		Release|Any CPU = Release|Any CPU
	EndGlobalSection
	GlobalSection(ProjectConfigurationPlatforms) = postSolution
		{859E83F1-6B34-41C5-9E87-1C730FA87CEF}.Debug|Any CPU.ActiveCfg = Debug|Any CPU
		{859E83F1-6B34-41C5-9E87-1C730FA87CEF}.Debug|Any CPU.Build.0 = Debug|Any CPU
		{859E83F1-6B34-41C5-9E87-1C730FA87CEF}.Release|Any CPU.ActiveCfg = Release|Any CPU
		{859E83F1-6B34-41C5-9E87-1C730FA87CEF}.Release|Any CPU.Build.0 = Release|Any CPU
	EndGlobalSection
	GlobalSection(SolutionProperties) = preSolution
		HideSolutionNode = FALSE
	EndGlobalSection
	GlobalSection(ExtensibilityGlobals) = postSolution
		SolutionGuid = {65641E92-4462-4252-9735-2EB0DB079A5D}
	EndGlobalSection
EndGlobal
